
Microsoft Visual Studio Solution File, Format Version 12.00
# Visual Studio Version 16
VisualStudioVersion = 16.0.32002.261
MinimumVisualStudioVersion = 10.0.40219.1
Project("{FAE04EC0-301F-11D3-BF4B-00C04F79EFBC}") = "WpfApp1", "WpfApp1\WpfApp1.csproj", "{97E11639-C238-4735-A0E8-CD59C5C62878}"
EndProject
Global
	GlobalSection(SolutionConfigurationPlatforms) = preSolution
		Debug|Any CPU = Debug|Any CPU
		Release|Any CPU = Release|Any CPU
	EndGlobalSection
	GlobalSection(ProjectConfigurationPlatforms) = postSolution
		{97E11639-C238-4735-A0E8-CD59C5C62878}.Debug|Any CPU.ActiveCfg = Debug|Any CPU
		{97E11639-C238-4735-A0E8-CD59C5C62878}.Debug|Any CPU.Build.0 = Debug|Any CPU
		{97E11639-C238-4735-A0E8-CD59C5C62878}.Release|Any CPU.ActiveCfg = Release|Any CPU
		{97E11639-C238-4735-A0E8-CD59C5C62878}.Release|Any CPU.Build.0 = Release|Any CPU
	EndGlobalSection
	GlobalSection(SolutionProperties) = preSolution
		HideSolutionNode = FALSE
	EndGlobalSection
	GlobalSection(ExtensibilityGlobals) = postSolution
		SolutionGuid = {8DBDF0D7-5757-40EF-B65C-9F50E87AD440}
	EndGlobalSection
EndGlobal
